
Microsoft Visual Studio Solution File, Format Version 12.00
# Visual Studio Version 17
VisualStudioVersion = 17.13.35919.96 d17.13
MinimumVisualStudioVersion = 10.0.40219.1
Project("{FAE04EC0-301F-11D3-BF4B-00C04F79EFBC}") = "Pokemon_battle3", "Pokemon_battle3\Pokemon_battle3.csproj", "{3FEF6B13-5EF1-4882-9C40-84A64E14EFF6}"
EndProject
Global
	GlobalSection(SolutionConfigurationPlatforms) = preSolution
		Debug|Any CPU = Debug|Any CPU
		Release|Any CPU = Release|Any CPU
	EndGlobalSection
	GlobalSection(ProjectConfigurationPlatforms) = postSolution
		{3FEF6B13-5EF1-4882-9C40-84A64E14EFF6}.Debug|Any CPU.ActiveCfg = Debug|Any CPU
		{3FEF6B13-5EF1-4882-9C40-84A64E14EFF6}.Debug|Any CPU.Build.0 = Debug|Any CPU
		{3FEF6B13-5EF1-4882-9C40-84A64E14EFF6}.Release|Any CPU.ActiveCfg = Release|Any CPU
		{3FEF6B13-5EF1-4882-9C40-84A64E14EFF6}.Release|Any CPU.Build.0 = Release|Any CPU
	EndGlobalSection
	GlobalSection(SolutionProperties) = preSolution
		HideSolutionNode = FALSE
	EndGlobalSection
	GlobalSection(ExtensibilityGlobals) = postSolution
		SolutionGuid = {D7B6EF67-CA07-4942-8233-8EAEFBBCD037}
	EndGlobalSection
EndGlobal
