
Microsoft Visual Studio Solution File, Format Version 12.00
# Visual Studio Version 17
VisualStudioVersion = 17.13.35825.156 d17.13
MinimumVisualStudioVersion = 10.0.40219.1
Project("{FAE04EC0-301F-11D3-BF4B-00C04F79EFBC}") = "Pokemon_battle2", "Pokemon_battle2\Pokemon_battle2.csproj", "{3055CCAA-6CBB-4D40-A828-371F2743CDD1}"
EndProject
Global
	GlobalSection(SolutionConfigurationPlatforms) = preSolution
		Debug|Any CPU = Debug|Any CPU
		Release|Any CPU = Release|Any CPU
	EndGlobalSection
	GlobalSection(ProjectConfigurationPlatforms) = postSolution
		{3055CCAA-6CBB-4D40-A828-371F2743CDD1}.Debug|Any CPU.ActiveCfg = Debug|Any CPU
		{3055CCAA-6CBB-4D40-A828-371F2743CDD1}.Debug|Any CPU.Build.0 = Debug|Any CPU
		{3055CCAA-6CBB-4D40-A828-371F2743CDD1}.Release|Any CPU.ActiveCfg = Release|Any CPU
		{3055CCAA-6CBB-4D40-A828-371F2743CDD1}.Release|Any CPU.Build.0 = Release|Any CPU
	EndGlobalSection
	GlobalSection(SolutionProperties) = preSolution
		HideSolutionNode = FALSE
	EndGlobalSection
	GlobalSection(ExtensibilityGlobals) = postSolution
		SolutionGuid = {50C2ED27-3202-4837-9B3E-114D7AD9BE7C}
	EndGlobalSection
EndGlobal
